
Microsoft Visual Studio Solution File, Format Version 12.00
# Visual Studio Version 17
VisualStudioVersion = 17.9.34607.119
MinimumVisualStudioVersion = 10.0.40219.1
Project("{FAE04EC0-301F-11D3-BF4B-00C04F79EFBC}") = "Saitynai.Backend", "Saitynai.Backend\Saitynai.Backend.csproj", "{BCEFC955-259B-48A4-AE6D-2316D0C43BF0}"
EndProject
Global
	GlobalSection(SolutionConfigurationPlatforms) = preSolution
		Debug|Any CPU = Debug|Any CPU
		Release|Any CPU = Release|Any CPU
	EndGlobalSection
	GlobalSection(ProjectConfigurationPlatforms) = postSolution
		{BCEFC955-259B-48A4-AE6D-2316D0C43BF0}.Debug|Any CPU.ActiveCfg = Debug|Any CPU
		{BCEFC955-259B-48A4-AE6D-2316D0C43BF0}.Debug|Any CPU.Build.0 = Debug|Any CPU
		{BCEFC955-259B-48A4-AE6D-2316D0C43BF0}.Release|Any CPU.ActiveCfg = Release|Any CPU
		{BCEFC955-259B-48A4-AE6D-2316D0C43BF0}.Release|Any CPU.Build.0 = Release|Any CPU
	EndGlobalSection
	GlobalSection(SolutionProperties) = preSolution
		HideSolutionNode = FALSE
	EndGlobalSection
	GlobalSection(ExtensibilityGlobals) = postSolution
		SolutionGuid = {3BDAEB14-5DAC-486A-B9EF-65C678B8001D}
	EndGlobalSection
EndGlobal
